
Microsoft Visual Studio Solution File, Format Version 12.00
# Visual Studio Version 16
VisualStudioVersion = 16.0.30503.244
MinimumVisualStudioVersion = 10.0.40219.1
Project("{9A19103F-16F7-4668-BE54-9A1E7A4F7556}") = "Menu_bot", "Menu_bot\Menu_bot.csproj", "{BEB9A90C-85E5-43FC-8140-745FC30A18CC}"
EndProject
Global
	GlobalSection(SolutionConfigurationPlatforms) = preSolution
		Debug|Any CPU = Debug|Any CPU
		Release|Any CPU = Release|Any CPU
	EndGlobalSection
	GlobalSection(ProjectConfigurationPlatforms) = postSolution
		{BEB9A90C-85E5-43FC-8140-745FC30A18CC}.Debug|Any CPU.ActiveCfg = Debug|Any CPU
		{BEB9A90C-85E5-43FC-8140-745FC30A18CC}.Debug|Any CPU.Build.0 = Debug|Any CPU
		{BEB9A90C-85E5-43FC-8140-745FC30A18CC}.Release|Any CPU.ActiveCfg = Release|Any CPU
		{BEB9A90C-85E5-43FC-8140-745FC30A18CC}.Release|Any CPU.Build.0 = Release|Any CPU
	EndGlobalSection
	GlobalSection(SolutionProperties) = preSolution
		HideSolutionNode = FALSE
	EndGlobalSection
	GlobalSection(ExtensibilityGlobals) = postSolution
		SolutionGuid = {EFDE2BDA-2118-4871-98AB-36E22CAA8BA1}
	EndGlobalSection
EndGlobal
